
Microsoft Visual Studio Solution File, Format Version 12.00
# Visual Studio 15
VisualStudioVersion = 15.0.27703.2018
MinimumVisualStudioVersion = 10.0.40219.1
Project("{FAE04EC0-301F-11D3-BF4B-00C04F79EFBC}") = "SetupApplication", "SetupApplication\SetupApplication.csproj", "{455F7E4F-BEA4-4E4E-ACB7-4E2E4B485911}"
EndProject
Project("{2150E333-8FDC-42A3-9474-1A3956D46DE8}") = "Solution Items", "Solution Items", "{C1B91E95-56C3-40E2-A150-E4ECA9149B2C}"
EndProject
Global
	GlobalSection(SolutionConfigurationPlatforms) = preSolution
		Debug|Any CPU = Debug|Any CPU
		Release|Any CPU = Release|Any CPU
	EndGlobalSection
	GlobalSection(ProjectConfigurationPlatforms) = postSolution
		{455F7E4F-BEA4-4E4E-ACB7-4E2E4B485911}.Debug|Any CPU.ActiveCfg = Debug|Any CPU
		{455F7E4F-BEA4-4E4E-ACB7-4E2E4B485911}.Debug|Any CPU.Build.0 = Debug|Any CPU
		{455F7E4F-BEA4-4E4E-ACB7-4E2E4B485911}.Release|Any CPU.ActiveCfg = Release|Any CPU
		{455F7E4F-BEA4-4E4E-ACB7-4E2E4B485911}.Release|Any CPU.Build.0 = Release|Any CPU
	EndGlobalSection
	GlobalSection(SolutionProperties) = preSolution
		HideSolutionNode = FALSE
	EndGlobalSection
	GlobalSection(ExtensibilityGlobals) = postSolution
		SolutionGuid = {1EECA647-BEB3-4656-B249-FB7965349324}
	EndGlobalSection
EndGlobal
